
Microsoft Visual Studio Solution File, Format Version 11.00
# Visual Studio 2010
Project("{FAE04EC0-301F-11D3-BF4B-00C04F79EFBC}") = "Assembly-CSharp", "Assembly-CSharp.csproj", "{3f59e987-f314-7fc9-63c1-108a05cde40f}"
EndProject
Project("{FAE04EC0-301F-11D3-BF4B-00C04F79EFBC}") = "Assembly-CSharp-Editor", "Assembly-CSharp-Editor.csproj", "{5171af45-4280-8dde-c95a-14610115ceaa}"
EndProject
Global
	GlobalSection(SolutionConfigurationPlatforms) = preSolution
		Debug|Any CPU = Debug|Any CPU
	EndGlobalSection
	GlobalSection(ProjectConfigurationPlatforms) = postSolution
		{3f59e987-f314-7fc9-63c1-108a05cde40f}.Debug|Any CPU.ActiveCfg = Debug|Any CPU
		{3f59e987-f314-7fc9-63c1-108a05cde40f}.Debug|Any CPU.Build.0 = Debug|Any CPU
		{5171af45-4280-8dde-c95a-14610115ceaa}.Debug|Any CPU.ActiveCfg = Debug|Any CPU
		{5171af45-4280-8dde-c95a-14610115ceaa}.Debug|Any CPU.Build.0 = Debug|Any CPU
	EndGlobalSection
	GlobalSection(SolutionProperties) = preSolution
		HideSolutionNode = FALSE
	EndGlobalSection
EndGlobal
